
Microsoft Visual Studio Solution File, Format Version 12.00
# Visual Studio Version 17
VisualStudioVersion = 17.0.32014.148
MinimumVisualStudioVersion = 10.0.40219.1
Project("{9A19103F-16F7-4668-BE54-9A1E7A4F7556}") = "TimetableOfClasses.API", "TimetableOfClassesAPI\TimetableOfClasses.API.csproj", "{4D2D447F-BEEA-4632-88C8-5C1CC55AA0B8}"
EndProject
Project("{9A19103F-16F7-4668-BE54-9A1E7A4F7556}") = "TimetableOfClasses.Domain", "TimetableOfClassesDomain\TimetableOfClasses.Domain.csproj", "{BFBE32BC-B6A8-4813-9AB3-DB4E245957EC}"
EndProject
Project("{9A19103F-16F7-4668-BE54-9A1E7A4F7556}") = "TimetableOfClasses.Infrastructure", "TimetableOfClassesInfrastructure\TimetableOfClasses.Infrastructure.csproj", "{72FC73E5-FD73-4451-ADA4-AC2DE1FB5676}"
EndProject
Project("{2150E333-8FDC-42A3-9474-1A3956D46DE8}") = "Solution Items", "Solution Items", "{B336A8CF-57C6-491B-AB46-6C591FF954E2}"
	ProjectSection(SolutionItems) = preProject
		.gitignore = .gitignore
		README.md = README.md
	EndProjectSection
EndProject
Project("{FAE04EC0-301F-11D3-BF4B-00C04F79EFBC}") = "TimetableOfClasses.Frontend", "TimetableOfClasses.Frontend\TimetableOfClasses.Frontend.csproj", "{02FE6387-729B-48A4-A1B6-E4E15C3D0A0C}"
EndProject
Global
	GlobalSection(SolutionConfigurationPlatforms) = preSolution
		Debug|Any CPU = Debug|Any CPU
		Release|Any CPU = Release|Any CPU
	EndGlobalSection
	GlobalSection(ProjectConfigurationPlatforms) = postSolution
		{4D2D447F-BEEA-4632-88C8-5C1CC55AA0B8}.Debug|Any CPU.ActiveCfg = Debug|Any CPU
		{4D2D447F-BEEA-4632-88C8-5C1CC55AA0B8}.Debug|Any CPU.Build.0 = Debug|Any CPU
		{4D2D447F-BEEA-4632-88C8-5C1CC55AA0B8}.Release|Any CPU.ActiveCfg = Release|Any CPU
		{4D2D447F-BEEA-4632-88C8-5C1CC55AA0B8}.Release|Any CPU.Build.0 = Release|Any CPU
		{BFBE32BC-B6A8-4813-9AB3-DB4E245957EC}.Debug|Any CPU.ActiveCfg = Debug|Any CPU
		{BFBE32BC-B6A8-4813-9AB3-DB4E245957EC}.Debug|Any CPU.Build.0 = Debug|Any CPU
		{BFBE32BC-B6A8-4813-9AB3-DB4E245957EC}.Release|Any CPU.ActiveCfg = Release|Any CPU
		{BFBE32BC-B6A8-4813-9AB3-DB4E245957EC}.Release|Any CPU.Build.0 = Release|Any CPU
		{72FC73E5-FD73-4451-ADA4-AC2DE1FB5676}.Debug|Any CPU.ActiveCfg = Debug|Any CPU
		{72FC73E5-FD73-4451-ADA4-AC2DE1FB5676}.Debug|Any CPU.Build.0 = Debug|Any CPU
		{72FC73E5-FD73-4451-ADA4-AC2DE1FB5676}.Release|Any CPU.ActiveCfg = Release|Any CPU
		{72FC73E5-FD73-4451-ADA4-AC2DE1FB5676}.Release|Any CPU.Build.0 = Release|Any CPU
		{02FE6387-729B-48A4-A1B6-E4E15C3D0A0C}.Debug|Any CPU.ActiveCfg = Debug|Any CPU
		{02FE6387-729B-48A4-A1B6-E4E15C3D0A0C}.Debug|Any CPU.Build.0 = Debug|Any CPU
		{02FE6387-729B-48A4-A1B6-E4E15C3D0A0C}.Release|Any CPU.ActiveCfg = Release|Any CPU
		{02FE6387-729B-48A4-A1B6-E4E15C3D0A0C}.Release|Any CPU.Build.0 = Release|Any CPU
	EndGlobalSection
	GlobalSection(SolutionProperties) = preSolution
		HideSolutionNode = FALSE
	EndGlobalSection
	GlobalSection(ExtensibilityGlobals) = postSolution
		SolutionGuid = {C2F4BDF3-CA36-46FC-955C-548B38792A7B}
	EndGlobalSection
EndGlobal
